
Microsoft Visual Studio Solution File, Format Version 12.00
# Visual Studio Version 16
VisualStudioVersion = 16.0.30002.166
MinimumVisualStudioVersion = 10.0.40219.1
Project("{FAE04EC0-301F-11D3-BF4B-00C04F79EFBC}") = "NinjaDomain.Classes", "NinjaDomain.Classes\NinjaDomain.Classes.csproj", "{C7BE46DC-FC0F-406D-9BAC-9B3652ADC62C}"
EndProject
Project("{FAE04EC0-301F-11D3-BF4B-00C04F79EFBC}") = "NinjaDomin.DataModel", "NinjaDomin.DataModel\NinjaDomin.DataModel.csproj", "{98EFD578-0729-4CFD-AB6F-6D6AED990E69}"
EndProject
Project("{FAE04EC0-301F-11D3-BF4B-00C04F79EFBC}") = "ConsoleApplication", "ConsoleApplication\ConsoleApplication.csproj", "{5F595452-850F-4732-BEED-852F3F774A87}"
EndProject
Project("{FAE04EC0-301F-11D3-BF4B-00C04F79EFBC}") = "NinjaUI", "NinjaUI\NinjaUI.csproj", "{41DEB9F3-A0CC-4AA3-87F2-9A992ABCE69B}"
EndProject
Global
	GlobalSection(SolutionConfigurationPlatforms) = preSolution
		Debug|Any CPU = Debug|Any CPU
		Release|Any CPU = Release|Any CPU
	EndGlobalSection
	GlobalSection(ProjectConfigurationPlatforms) = postSolution
		{C7BE46DC-FC0F-406D-9BAC-9B3652ADC62C}.Debug|Any CPU.ActiveCfg = Debug|Any CPU
		{C7BE46DC-FC0F-406D-9BAC-9B3652ADC62C}.Debug|Any CPU.Build.0 = Debug|Any CPU
		{C7BE46DC-FC0F-406D-9BAC-9B3652ADC62C}.Release|Any CPU.ActiveCfg = Release|Any CPU
		{C7BE46DC-FC0F-406D-9BAC-9B3652ADC62C}.Release|Any CPU.Build.0 = Release|Any CPU
		{98EFD578-0729-4CFD-AB6F-6D6AED990E69}.Debug|Any CPU.ActiveCfg = Debug|Any CPU
		{98EFD578-0729-4CFD-AB6F-6D6AED990E69}.Debug|Any CPU.Build.0 = Debug|Any CPU
		{98EFD578-0729-4CFD-AB6F-6D6AED990E69}.Release|Any CPU.ActiveCfg = Release|Any CPU
		{98EFD578-0729-4CFD-AB6F-6D6AED990E69}.Release|Any CPU.Build.0 = Release|Any CPU
		{5F595452-850F-4732-BEED-852F3F774A87}.Debug|Any CPU.ActiveCfg = Debug|Any CPU
		{5F595452-850F-4732-BEED-852F3F774A87}.Debug|Any CPU.Build.0 = Debug|Any CPU
		{5F595452-850F-4732-BEED-852F3F774A87}.Release|Any CPU.ActiveCfg = Release|Any CPU
		{5F595452-850F-4732-BEED-852F3F774A87}.Release|Any CPU.Build.0 = Release|Any CPU
		{41DEB9F3-A0CC-4AA3-87F2-9A992ABCE69B}.Debug|Any CPU.ActiveCfg = Debug|Any CPU
		{41DEB9F3-A0CC-4AA3-87F2-9A992ABCE69B}.Debug|Any CPU.Build.0 = Debug|Any CPU
		{41DEB9F3-A0CC-4AA3-87F2-9A992ABCE69B}.Release|Any CPU.ActiveCfg = Release|Any CPU
		{41DEB9F3-A0CC-4AA3-87F2-9A992ABCE69B}.Release|Any CPU.Build.0 = Release|Any CPU
	EndGlobalSection
	GlobalSection(SolutionProperties) = preSolution
		HideSolutionNode = FALSE
	EndGlobalSection
	GlobalSection(ExtensibilityGlobals) = postSolution
		SolutionGuid = {E2628F5C-08CA-49FB-A3EB-3C979F4895CB}
	EndGlobalSection
EndGlobal
